
Microsoft Visual Studio Solution File, Format Version 12.00
# Visual Studio 15
VisualStudioVersion = 15.0.28307.705
MinimumVisualStudioVersion = 10.0.40219.1
Project("{888888A0-9F3D-457C-B088-3A5042F75D52}") = "WebProject1", "WebProject1\WebProject1.pyproj", "{934F804B-66C7-4474-8CC7-89192C5C3429}"
EndProject
Global
	GlobalSection(SolutionConfigurationPlatforms) = preSolution
		Debug|Any CPU = Debug|Any CPU
		Release|Any CPU = Release|Any CPU
	EndGlobalSection
	GlobalSection(ProjectConfigurationPlatforms) = postSolution
		{934F804B-66C7-4474-8CC7-89192C5C3429}.Debug|Any CPU.ActiveCfg = Debug|Any CPU
		{934F804B-66C7-4474-8CC7-89192C5C3429}.Debug|Any CPU.Build.0 = Debug|Any CPU
		{934F804B-66C7-4474-8CC7-89192C5C3429}.Release|Any CPU.ActiveCfg = Release|Any CPU
		{934F804B-66C7-4474-8CC7-89192C5C3429}.Release|Any CPU.Build.0 = Release|Any CPU
	EndGlobalSection
	GlobalSection(SolutionProperties) = preSolution
		HideSolutionNode = FALSE
	EndGlobalSection
	GlobalSection(ExtensibilityGlobals) = postSolution
		SolutionGuid = {9E9348E8-15AD-454B-9CC4-F860AE2F0E5B}
	EndGlobalSection
EndGlobal
